// !$*UTF8*$!
{
	archiveVersion = 1;
	classes = {
	};
	objectVersion = 46;
	objects = {

/* Begin PBXBuildFile section */
		75B7CBAF1C96DE0A002436A4 /* main.m in Sources */ = {isa = PBXBuildFile; fileRef = 75B7CBAE1C96DE0A002436A4 /* main.m */; };
		75B7CBB71C96DF12002436A4 /* MIStoragePermute.m in Sources */ = {isa = PBXBuildFile; fileRef = 75B7CBB61C96DF12002436A4 /* MIStoragePermute.m */; settings = {ASSET_TAGS = (); }; };
/* End PBXBuildFile section */

/* Begin PBXCopyFilesBuildPhase section */
		75B7CBA91C96DE0A002436A4 /* CopyFiles */ = {
			isa = PBXCopyFilesBuildPhase;
			buildActionMask = 2147483647;
			dstPath = /usr/share/man/man1/;
			dstSubfolderSpec = 0;
			files = (
			);
			runOnlyForDeploymentPostprocessing = 1;
		};
/* End PBXCopyFilesBuildPhase section */

/* Begin PBXFileReference section */
		75B7CBAB1C96DE0A002436A4 /* MITask */ = {isa = PBXFileReference; explicitFileType = "compiled.mach-o.executable"; includeInIndex = 0; path = MITask; sourceTree = BUILT_PRODUCTS_DIR; };
		75B7CBAE1C96DE0A002436A4 /* main.m */ = {isa = PBXFileReference; lastKnownFileType = sourcecode.c.objc; path = main.m; sourceTree = "<group>"; };
		75B7CBB51C96DF12002436A4 /* MIStoragePermute.h */ = {isa = PBXFileReference; fileEncoding = 4; lastKnownFileType = sourcecode.c.h; path = MIStoragePermute.h; sourceTree = "<group>"; };
		75B7CBB61C96DF12002436A4 /* MIStoragePermute.m */ = {isa = PBXFileReference; fileEncoding = 4; lastKnownFileType = sourcecode.c.objc; path = MIStoragePermute.m; sourceTree = "<group>"; };
/* End PBXFileReference section */

/* Begin PBXFrameworksBuildPhase section */
		75B7CBA81C96DE0A002436A4 /* Frameworks */ = {
			isa = PBXFrameworksBuildPhase;
			buildActionMask = 2147483647;
			files = (
			);
			runOnlyForDeploymentPostprocessing = 0;
		};
/* End PBXFrameworksBuildPhase section */

/* Begin PBXGroup section */
		75B7CBA21C96DE09002436A4 = {
			isa = PBXGroup;
			children = (
				75B7CBAD1C96DE0A002436A4 /* MITask */,
				75B7CBAC1C96DE0A002436A4 /* Products */,
			);
			sourceTree = "<group>";
		};
		75B7CBAC1C96DE0A002436A4 /* Products */ = {
			isa = PBXGroup;
			children = (
				75B7CBAB1C96DE0A002436A4 /* MITask */,
			);
			name = Products;
			sourceTree = "<group>";
		};
		75B7CBAD1C96DE0A002436A4 /* MITask */ = {
			isa = PBXGroup;
			children = (
				75B7CBAE1C96DE0A002436A4 /* main.m */,
				75B7CBB51C96DF12002436A4 /* MIStoragePermute.h */,
				75B7CBB61C96DF12002436A4 /* MIStoragePermute.m */,
			);
			path = MITask;
			sourceTree = "<group>";
		};
/* End PBXGroup section */

/* Begin PBXNativeTarget section */
		75B7CBAA1C96DE0A002436A4 /* MITask */ = {
			isa = PBXNativeTarget;
			buildConfigurationList = 75B7CBB21C96DE0A002436A4 /* Build configuration list for PBXNativeTarget "MITask" */;
			buildPhases = (
				75B7CBA71C96DE0A002436A4 /* Sources */,
				75B7CBA81C96DE0A002436A4 /* Frameworks */,
				75B7CBA91C96DE0A002436A4 /* CopyFiles */,
			);
			buildRules = (
			);
			dependencies = (
			);
			name = MITask;
			productName = MITask;
			productReference = 75B7CBAB1C96DE0A002436A4 /* MITask */;
			productType = "com.apple.product-type.tool";
		};
/* End PBXNativeTarget section */

/* Begin PBXProject section */
		75B7CBA31C96DE09002436A4 /* Project object */ = {
			isa = PBXProject;
			attributes = {
				LastUpgradeCheck = 0700;
				ORGANIZATIONNAME = Andrei;
				TargetAttributes = {
					75B7CBAA1C96DE0A002436A4 = {
						CreatedOnToolsVersion = 7.0.1;
					};
				};
			};
			buildConfigurationList = 75B7CBA61C96DE0A002436A4 /* Build configuration list for PBXProject "MITask" */;
			compatibilityVersion = "Xcode 3.2";
			developmentRegion = English;
			hasScannedForEncodings = 0;
			knownRegions = (
				en,
			);
			mainGroup = 75B7CBA21C96DE09002436A4;
			productRefGroup = 75B7CBAC1C96DE0A002436A4 /* Products */;
			projectDirPath = "";
			projectRoot = "";
			targets = (
				75B7CBAA1C96DE0A002436A4 /* MITask */,
			);
		};
/* End PBXProject section */

/* Begin PBXSourcesBuildPhase section */
		75B7CBA71C96DE0A002436A4 /* Sources */ = {
			isa = PBXSourcesBuildPhase;
			buildActionMask = 2147483647;
			files = (
				75B7CBB71C96DF12002436A4 /* MIStoragePermute.m in Sources */,
				75B7CBAF1C96DE0A002436A4 /* main.m in Sources */,
			);
			runOnlyForDeploymentPostprocessing = 0;
		};
/* End PBXSourcesBuildPhase section */

/* Begin XCBuildConfiguration section */
		75B7CBB01C96DE0A002436A4 /* Debug */ = {
			isa = XCBuildConfiguration;
			buildSettings = {
				ALWAYS_SEARCH_USER_PATHS = NO;
				CLANG_CXX_LANGUAGE_STANDARD = "gnu++0x";
				CLANG_CXX_LIBRARY = "libc++";
				CLANG_ENABLE_MODULES = YES;
				CLANG_ENABLE_OBJC_ARC = YES;
				CLANG_WARN_BOOL_CONVERSION = YES;
				CLANG_WARN_CONSTANT_CONVERSION = YES;
				CLANG_WARN_DIRECT_OBJC_ISA_USAGE = YES_ERROR;
				CLANG_WARN_EMPTY_BODY = YES;
				CLANG_WARN_ENUM_CONVERSION = YES;
				CLANG_WARN_INT_CONVERSION = YES;
				CLANG_WARN_OBJC_ROOT_CLASS = YES_ERROR;
				CLANG_WARN_UNREACHABLE_CODE = YES;
				CLANG_WARN__DUPLICATE_METHOD_MATCH = YES;
				COPY_PHASE_STRIP = NO;
				DEBUG_INFORMATION_FORMAT = dwarf;
				ENABLE_STRICT_OBJC_MSGSEND = YES;
				ENABLE_TESTABILITY = YES;
				GCC_C_LANGUAGE_STANDARD = gnu99;
				GCC_DYNAMIC_NO_PIC = NO;
				GCC_NO_COMMON_BLOCKS = YES;
				GCC_OPTIMIZATION_LEVEL = 0;
				GCC_PREPROCESSOR_DEFINITIONS = (
					"DEBUG=1",
					"$(inherited)",
				);
				GCC_WARN_64_TO_32_BIT_CONVERSION = YES;
				GCC_WARN_ABOUT_RETURN_TYPE = YES_ERROR;
				GCC_WARN_UNDECLARED_SELECTOR = YES;
				GCC_WARN_UNINITIALIZED_AUTOS = YES_AGGRESSIVE;
				GCC_WARN_UNUSED_FUNCTION = YES;
				GCC_WARN_UNUSED_VARIABLE = YES;
				MACOSX_DEPLOYMENT_TARGET = 10.11;
				MTL_ENABLE_DEBUG_INFO = YES;
				ONLY_ACTIVE_ARCH = YES;
				SDKROOT = macosx;
			};
			name = Debug;
		};
		75B7CBB11C96DE0A002436A4 /* Release */ = {
			isa = XCBuildConfiguration;
			buildSettings = {
				ALWAYS_SEARCH_USER_PATHS = NO;
				CLANG_CXX_LANGUAGE_STANDARD = "gnu++0x";
				CLANG_CXX_LIBRARY = "libc++";
				CLANG_ENABLE_MODULES = YES;
				CLANG_ENABLE_OBJC_ARC = YES;
				CLANG_WARN_BOOL_CONVERSION = YES;
				CLANG_WARN_CONSTANT_CONVERSION = YES;
				CLANG_WARN_DIRECT_OBJC_ISA_USAGE = YES_ERROR;
				CLANG_WARN_EMPTY_BODY = YES;
				CLANG_WARN_ENUM_CONVERSION = YES;
				CLANG_WARN_INT_CONVERSION = YES;
				CLANG_WARN_OBJC_ROOT_CLASS = YES_ERROR;
				CLANG_WARN_UNREACHABLE_CODE = YES;
				CLANG_WARN__DUPLICATE_METHOD_MATCH = YES;
				COPY_PHASE_STRIP = NO;
				DEBUG_INFORMATION_FORMAT = "dwarf-with-dsym";
				ENABLE_NS_ASSERTIONS = NO;
				ENABLE_STRICT_OBJC_MSGSEND = YES;
				GCC_C_LANGUAGE_STANDARD = gnu99;
				GCC_NO_COMMON_BLOCKS = YES;
				GCC_WARN_64_TO_32_BIT_CONVERSION = YES;
				GCC_WARN_ABOUT_RETURN_TYPE = YES_ERROR;
				GCC_WARN_UNDECLARED_SELECTOR = YES;
				GCC_WARN_UNINITIALIZED_AUTOS = YES_AGGRESSIVE;
				GCC_WARN_UNUSED_FUNCTION = YES;
				GCC_WARN_UNUSED_VARIABLE = YES;
				MACOSX_DEPLOYMENT_TARGET = 10.11;
				MTL_ENABLE_DEBUG_INFO = NO;
				SDKROOT = macosx;
			};
			name = Release;
		};
		75B7CBB31C96DE0A002436A4 /* Debug */ = {
			isa = XCBuildConfiguration;
			buildSettings = {
				PRODUCT_NAME = "$(TARGET_NAME)";
			};
			name = Debug;
		};
		75B7CBB41C96DE0A002436A4 /* Release */ = {
			isa = XCBuildConfiguration;
			buildSettings = {
				PRODUCT_NAME = "$(TARGET_NAME)";
			};
			name = Release;
		};
/* End XCBuildConfiguration section */

/* Begin XCConfigurationList section */
		75B7CBA61C96DE0A002436A4 /* Build configuration list for PBXProject "MITask" */ = {
			isa = XCConfigurationList;
			buildConfigurations = (
				75B7CBB01C96DE0A002436A4 /* Debug */,
				75B7CBB11C96DE0A002436A4 /* Release */,
			);
			defaultConfigurationIsVisible = 0;
			defaultConfigurationName = Release;
		};
		75B7CBB21C96DE0A002436A4 /* Build configuration list for PBXNativeTarget "MITask" */ = {
			isa = XCConfigurationList;
			buildConfigurations = (
				75B7CBB31C96DE0A002436A4 /* Debug */,
				75B7CBB41C96DE0A002436A4 /* Release */,
			);
			defaultConfigurationIsVisible = 0;
		};
/* End XCConfigurationList section */
	};
	rootObject = 75B7CBA31C96DE09002436A4 /* Project object */;
}
